
Microsoft Visual Studio Solution File, Format Version 12.00
# Visual Studio 15
VisualStudioVersion = 15.0.28307.705
MinimumVisualStudioVersion = 10.0.40219.1
Project("{FAE04EC0-301F-11D3-BF4B-00C04F79EFBC}") = "DipAlgorithmTask", "DipAlgorithmTask\DipAlgorithmTask.csproj", "{A49F875D-690E-42A6-B9FB-B42BA0BBB1F1}"
EndProject
Global
	GlobalSection(SolutionConfigurationPlatforms) = preSolution
		Debug|Any CPU = Debug|Any CPU
		Release|Any CPU = Release|Any CPU
	EndGlobalSection
	GlobalSection(ProjectConfigurationPlatforms) = postSolution
		{A49F875D-690E-42A6-B9FB-B42BA0BBB1F1}.Debug|Any CPU.ActiveCfg = Debug|Any CPU
		{A49F875D-690E-42A6-B9FB-B42BA0BBB1F1}.Debug|Any CPU.Build.0 = Debug|Any CPU
		{A49F875D-690E-42A6-B9FB-B42BA0BBB1F1}.Release|Any CPU.ActiveCfg = Release|Any CPU
		{A49F875D-690E-42A6-B9FB-B42BA0BBB1F1}.Release|Any CPU.Build.0 = Release|Any CPU
	EndGlobalSection
	GlobalSection(SolutionProperties) = preSolution
		HideSolutionNode = FALSE
	EndGlobalSection
	GlobalSection(ExtensibilityGlobals) = postSolution
		SolutionGuid = {BD7C5E1E-1672-4B56-B73A-738BC475A57D}
	EndGlobalSection
EndGlobal
